
Microsoft Visual Studio Solution File, Format Version 12.00
# Visual Studio 15
VisualStudioVersion = 15.0.28010.2046
MinimumVisualStudioVersion = 10.0.40219.1
Project("{FAE04EC0-301F-11D3-BF4B-00C04F79EFBC}") = "ContosoUniversity", "ContosoUniversity\ContosoUniversity.csproj", "{7E542B71-739B-4C8A-BCFB-8C8700CFB687}"
EndProject
Global
	GlobalSection(SolutionConfigurationPlatforms) = preSolution
		Debug|Any CPU = Debug|Any CPU
		Release|Any CPU = Release|Any CPU
	EndGlobalSection
	GlobalSection(ProjectConfigurationPlatforms) = postSolution
		{7E542B71-739B-4C8A-BCFB-8C8700CFB687}.Debug|Any CPU.ActiveCfg = Debug|Any CPU
		{7E542B71-739B-4C8A-BCFB-8C8700CFB687}.Debug|Any CPU.Build.0 = Debug|Any CPU
		{7E542B71-739B-4C8A-BCFB-8C8700CFB687}.Release|Any CPU.ActiveCfg = Release|Any CPU
		{7E542B71-739B-4C8A-BCFB-8C8700CFB687}.Release|Any CPU.Build.0 = Release|Any CPU
	EndGlobalSection
	GlobalSection(SolutionProperties) = preSolution
		HideSolutionNode = FALSE
	EndGlobalSection
	GlobalSection(ExtensibilityGlobals) = postSolution
		SolutionGuid = {B5FE1B17-903E-4409-A95B-8C78CC426A45}
	EndGlobalSection
EndGlobal
